
Microsoft Visual Studio Solution File, Format Version 12.00
# Visual Studio Version 17
VisualStudioVersion = 17.6.33717.318
MinimumVisualStudioVersion = 10.0.40219.1
Project("{8BC9CEB8-8B4A-11D0-8D11-00A0C91BC942}") = "DirectX12Project", "DirectX12Project\DirectX12Project.vcxproj", "{91D73E40-4EB9-4304-A4D6-30D105820DB9}"
EndProject
Global
	GlobalSection(SolutionConfigurationPlatforms) = preSolution
		Debug|x64 = Debug|x64
		Release|x64 = Release|x64
	EndGlobalSection
	GlobalSection(ProjectConfigurationPlatforms) = postSolution
		{91D73E40-4EB9-4304-A4D6-30D105820DB9}.Debug|x64.ActiveCfg = Debug|x64
		{91D73E40-4EB9-4304-A4D6-30D105820DB9}.Debug|x64.Build.0 = Debug|x64
		{91D73E40-4EB9-4304-A4D6-30D105820DB9}.Release|x64.ActiveCfg = Release|x64
		{91D73E40-4EB9-4304-A4D6-30D105820DB9}.Release|x64.Build.0 = Release|x64
	EndGlobalSection
	GlobalSection(SolutionProperties) = preSolution
		HideSolutionNode = FALSE
	EndGlobalSection
	GlobalSection(ExtensibilityGlobals) = postSolution
		SolutionGuid = {FF43872B-205C-459A-9CB2-DB823DFDDB2D}
	EndGlobalSection
EndGlobal
