<?xml version="1.0" encoding="utf-8"?>
<Project ToolsVersion="4.0" xmlns="http://schemas.microsoft.com/developer/msbuild/2003">
  <ItemGroup>
    <Filter Include="Resources">
      <UniqueIdentifier>{67DA6AB6-F800-4c08-8B7A-83BB121AAD01}</UniqueIdentifier>
      <Extensions>rc;ico;cur;bmp;dlg;rc2;rct;bin;rgs;gif;jpg;jpeg;jpe;resx;tiff;tif;png;wav;mfcribbon-ms</Extensions>
    </Filter>
    <Filter Include="Source">
      <UniqueIdentifier>{ddaefdbe-463e-469c-a10e-805107540658}</UniqueIdentifier>
    </Filter>
    <Filter Include="Source\pch">
      <UniqueIdentifier>{c3bb1e5d-16e9-4c8f-8d3e-00b384eccaa8}</UniqueIdentifier>
    </Filter>
    <Filter Include="Source\DirectXExtention">
      <UniqueIdentifier>{08e5cef6-d938-4556-83e0-33bf644a1c6b}</UniqueIdentifier>
    </Filter>
  </ItemGroup>
  <ItemGroup>
    <ClCompile Include="Source\main.cpp">
      <Filter>Source</Filter>
    </ClCompile>
    <ClCompile Include="Source\pch.cpp">
      <Filter>Source\pch</Filter>
    </ClCompile>
    <ClCompile Include="Source\Engine.cpp">
      <Filter>Source</Filter>
    </ClCompile>
    <ClCompile Include="Source\CommandQueue.cpp">
      <Filter>Source</Filter>
    </ClCompile>
    <ClCompile Include="Source\Game.cpp">
      <Filter>Source</Filter>
    </ClCompile>
    <ClCompile Include="Source\Tutorial2.cpp">
      <Filter>Source</Filter>
    </ClCompile>
    <ClCompile Include="Source\DirectXExtentions\Application.cpp">
      <Filter>Source\DirectXExtention</Filter>
    </ClCompile>
    <ClCompile Include="Source\DirectXExtentions\HighResolutionClock.cpp">
      <Filter>Source\DirectXExtention</Filter>
    </ClCompile>
    <ClCompile Include="Source\DirectXExtentions\Window.cpp">
      <Filter>Source\DirectXExtention</Filter>
    </ClCompile>
    <ClCompile Include="Source\CommandList.cpp">
      <Filter>Source</Filter>
    </ClCompile>
    <ClCompile Include="Source\DescriptorAllocation.cpp">
      <Filter>Source</Filter>
    </ClCompile>
    <ClCompile Include="Source\DescriptorAllocator.cpp">
      <Filter>Source</Filter>
    </ClCompile>
    <ClCompile Include="Source\DescriptorAllocatorPage.cpp">
      <Filter>Source</Filter>
    </ClCompile>
    <ClCompile Include="Source\DynamicDescriptorHeap.cpp">
      <Filter>Source</Filter>
    </ClCompile>
    <ClCompile Include="Source\RootSignature.cpp">
      <Filter>Source</Filter>
    </ClCompile>
    <ClCompile Include="Source\UploadBuffer.cpp">
      <Filter>Source</Filter>
    </ClCompile>
    <ClCompile Include="Libraries\LibHeaders\Adapter.cpp" />
    <ClCompile Include="Libraries\LibHeaders\Application.cpp" />
    <ClCompile Include="Libraries\LibHeaders\Buffer.cpp" />
    <ClCompile Include="Libraries\LibHeaders\ByteAddressBuffer.cpp" />
    <ClCompile Include="Libraries\LibHeaders\ConstantBuffer.cpp" />
    <ClCompile Include="Libraries\LibHeaders\ConstantBufferView.cpp" />
    <ClCompile Include="Libraries\LibHeaders\Device.cpp" />
    <ClCompile Include="Libraries\LibHeaders\GenerateMipsPSO.cpp" />
    <ClCompile Include="Libraries\LibHeaders\GUI.cpp" />
    <ClCompile Include="Libraries\LibHeaders\HighResolutionClock.cpp" />
    <ClCompile Include="Libraries\LibHeaders\IndexBuffer.cpp" />
    <ClCompile Include="Libraries\LibHeaders\Material.cpp" />
    <ClCompile Include="Libraries\LibHeaders\Mesh.cpp" />
    <ClCompile Include="Libraries\LibHeaders\PanoToCubemapPSO.cpp" />
    <ClCompile Include="Libraries\LibHeaders\PipelineStateObject.cpp" />
    <ClCompile Include="Libraries\LibHeaders\RenderTarget.cpp" />
    <ClCompile Include="Libraries\LibHeaders\Resource.cpp" />
    <ClCompile Include="Libraries\LibHeaders\ResourceStateTracker.cpp" />
    <ClCompile Include="Libraries\LibHeaders\RootSignature.cpp" />
    <ClCompile Include="Libraries\LibHeaders\Scene.cpp" />
    <ClCompile Include="Libraries\LibHeaders\SceneNode.cpp" />
    <ClCompile Include="Libraries\LibHeaders\ShaderResourceView.cpp" />
    <ClCompile Include="Libraries\LibHeaders\StructuredBuffer.cpp" />
    <ClCompile Include="Libraries\LibHeaders\SwapChain.cpp" />
    <ClCompile Include="Libraries\LibHeaders\Texture.cpp" />
    <ClCompile Include="Libraries\LibHeaders\UnorderedAccessView.cpp" />
    <ClCompile Include="Libraries\LibHeaders\UploadBuffer.cpp" />
    <ClCompile Include="Libraries\LibHeaders\VertexBuffer.cpp" />
    <ClCompile Include="Libraries\LibHeaders\VertexTypes.cpp" />
    <ClCompile Include="Libraries\LibHeaders\Window.cpp" />
    <ClCompile Include="Source\HighResolutionClock.cpp" />
  </ItemGroup>
  <ItemGroup>
    <ClInclude Include="Source\pch.h">
      <Filter>Source\pch</Filter>
    </ClInclude>
    <ClInclude Include="Source\Engine.h">
      <Filter>Source</Filter>
    </ClInclude>
    <ClInclude Include="Source\CommandQueue.h">
      <Filter>Source</Filter>
    </ClInclude>
    <ClInclude Include="Source\Game.h">
      <Filter>Source</Filter>
    </ClInclude>
    <ClInclude Include="Source\Tutorial2.h">
      <Filter>Source</Filter>
    </ClInclude>
    <ClInclude Include="Source\DirectXExtentions\Application.h">
      <Filter>Source\DirectXExtention</Filter>
    </ClInclude>
    <ClInclude Include="Source\DirectXExtentions\HighResolutionClock.h">
      <Filter>Source\DirectXExtention</Filter>
    </ClInclude>
    <ClInclude Include="Source\DirectXExtentions\Window.h">
      <Filter>Source\DirectXExtention</Filter>
    </ClInclude>
    <ClInclude Include="resource.h">
      <Filter>Source\DirectXExtention</Filter>
    </ClInclude>
    <ClInclude Include="Source\Definitions.h">
      <Filter>Source</Filter>
    </ClInclude>
    <ClInclude Include="Source\CommandList.h">
      <Filter>Source</Filter>
    </ClInclude>
    <ClInclude Include="Source\DescriptorAllocation.h">
      <Filter>Source</Filter>
    </ClInclude>
    <ClInclude Include="Source\DescriptorAllocator.h">
      <Filter>Source</Filter>
    </ClInclude>
    <ClInclude Include="Source\DescriptorAllocatorPage.h">
      <Filter>Source</Filter>
    </ClInclude>
    <ClInclude Include="Source\DynamicDescriptorHeap.h">
      <Filter>Source</Filter>
    </ClInclude>
    <ClInclude Include="Source\RootSignature.h">
      <Filter>Source</Filter>
    </ClInclude>
    <ClInclude Include="Source\UploadBuffer.h">
      <Filter>Source</Filter>
    </ClInclude>
    <ClInclude Include="Libraries\LibHeaders\Adapter.h" />
    <ClInclude Include="Libraries\LibHeaders\Application.h" />
    <ClInclude Include="Libraries\LibHeaders\Buffer.h" />
    <ClInclude Include="Libraries\LibHeaders\ByteAddressBuffer.h" />
    <ClInclude Include="Libraries\LibHeaders\ConstantBuffer.h" />
    <ClInclude Include="Libraries\LibHeaders\ConstantBufferView.h" />
    <ClInclude Include="Libraries\LibHeaders\d3d12.h" />
    <ClInclude Include="Libraries\LibHeaders\d3d12compatibility.h" />
    <ClInclude Include="Libraries\LibHeaders\d3d12sdklayers.h" />
    <ClInclude Include="Libraries\LibHeaders\d3d12shader.h" />
    <ClInclude Include="Libraries\LibHeaders\D3D12TokenizedProgramFormat.hpp" />
    <ClInclude Include="Libraries\LibHeaders\d3d12video.h" />
    <ClInclude Include="Libraries\LibHeaders\d3dcommon.h" />
    <ClInclude Include="Libraries\LibHeaders\d3dx12.h" />
    <ClInclude Include="Libraries\LibHeaders\d3dx12_barriers.h" />
    <ClInclude Include="Libraries\LibHeaders\d3dx12_check_feature_support.h" />
    <ClInclude Include="Libraries\LibHeaders\d3dx12_core.h" />
    <ClInclude Include="Libraries\LibHeaders\d3dx12_default.h" />
    <ClInclude Include="Libraries\LibHeaders\d3dx12_pipeline_state_stream.h" />
    <ClInclude Include="Libraries\LibHeaders\d3dx12_property_format_table.h" />
    <ClInclude Include="Libraries\LibHeaders\d3dx12_render_pass.h" />
    <ClInclude Include="Libraries\LibHeaders\d3dx12_resource_helpers.h" />
    <ClInclude Include="Libraries\LibHeaders\d3dx12_root_signature.h" />
    <ClInclude Include="Libraries\LibHeaders\d3dx12_state_object.h" />
    <ClInclude Include="Libraries\LibHeaders\Defines.h" />
    <ClInclude Include="Libraries\LibHeaders\Device.h" />
    <ClInclude Include="Libraries\LibHeaders\DirectXTex.h" />
    <ClInclude Include="Libraries\LibHeaders\dxcore.h" />
    <ClInclude Include="Libraries\LibHeaders\dxcore_interface.h" />
    <ClInclude Include="Libraries\LibHeaders\dxgicommon.h" />
    <ClInclude Include="Libraries\LibHeaders\dxgiformat.h" />
    <ClInclude Include="Libraries\LibHeaders\Events.h" />
    <ClInclude Include="Libraries\LibHeaders\GenerateMipsPSO.h" />
    <ClInclude Include="Libraries\LibHeaders\GUI.h" />
    <ClInclude Include="Libraries\LibHeaders\Helpers.h" />
    <ClInclude Include="Libraries\LibHeaders\HighResolutionClock.h" />
    <ClInclude Include="Libraries\LibHeaders\IndexBuffer.h" />
    <ClInclude Include="Libraries\LibHeaders\KeyCodes.h" />
    <ClInclude Include="Libraries\LibHeaders\Material.h" />
    <ClInclude Include="Libraries\LibHeaders\Mesh.h" />
    <ClInclude Include="Libraries\LibHeaders\PanoToCubemapPSO.h" />
    <ClInclude Include="Libraries\LibHeaders\PipelineStateObject.h" />
    <ClInclude Include="Libraries\LibHeaders\RenderTarget.h" />
    <ClInclude Include="Libraries\LibHeaders\Resource.h" />
    <ClInclude Include="Libraries\LibHeaders\ResourceStateTracker.h" />
    <ClInclude Include="Libraries\LibHeaders\RootSignature.h" />
    <ClInclude Include="Libraries\LibHeaders\Scene.h" />
    <ClInclude Include="Libraries\LibHeaders\SceneNode.h" />
    <ClInclude Include="Libraries\LibHeaders\ShaderResourceView.h" />
    <ClInclude Include="Libraries\LibHeaders\StructuredBuffer.h" />
    <ClInclude Include="Libraries\LibHeaders\SwapChain.h" />
    <ClInclude Include="Libraries\LibHeaders\Texture.h" />
    <ClInclude Include="Libraries\LibHeaders\ThreadSafeQueue.h" />
    <ClInclude Include="Libraries\LibHeaders\UnorderedAccessView.h" />
    <ClInclude Include="Libraries\LibHeaders\UploadBuffer.h" />
    <ClInclude Include="Libraries\LibHeaders\VertexBuffer.h" />
    <ClInclude Include="Libraries\LibHeaders\VertexTypes.h" />
    <ClInclude Include="Libraries\LibHeaders\Visitor.h" />
    <ClInclude Include="Libraries\LibHeaders\Window.h" />
    <ClInclude Include="Source\Events.h" />
    <ClInclude Include="Source\Helpers.h" />
    <ClInclude Include="Source\HighResolutionClock.h" />
    <ClInclude Include="Source\KeyCodes.h" />
  </ItemGroup>
  <ItemGroup>
    <FxCompile Include="Resources\Shaders\DefaultPixel.hlsl">
      <Filter>Resources</Filter>
    </FxCompile>
    <FxCompile Include="Resources\Shaders\DefaultVertex.hlsl">
      <Filter>Resources</Filter>
    </FxCompile>
  </ItemGroup>
  <ItemGroup>
    <None Include="packages.config" />
    <None Include="Libraries\LibHeaders\DirectXTex.inl" />
  </ItemGroup>
  <ItemGroup>
    <Midl Include="Libraries\LibHeaders\d3d12.idl" />
    <Midl Include="Libraries\LibHeaders\d3d12compatibility.idl" />
    <Midl Include="Libraries\LibHeaders\d3d12sdklayers.idl" />
    <Midl Include="Libraries\LibHeaders\d3d12video.idl" />
    <Midl Include="Libraries\LibHeaders\d3dcommon.idl" />
    <Midl Include="Libraries\LibHeaders\dxgicommon.idl" />
    <Midl Include="Libraries\LibHeaders\dxgiformat.idl" />
  </ItemGroup>
</Project>