<?xml version="1.0" encoding="utf-8"?>
<Project ToolsVersion="4.0" xmlns="http://schemas.microsoft.com/developer/msbuild/2003">
  <ItemGroup>
    <Filter Include="Resources">
      <UniqueIdentifier>{67DA6AB6-F800-4c08-8B7A-83BB121AAD01}</UniqueIdentifier>
      <Extensions>rc;ico;cur;bmp;dlg;rc2;rct;bin;rgs;gif;jpg;jpeg;jpe;resx;tiff;tif;png;wav;mfcribbon-ms</Extensions>
    </Filter>
    <Filter Include="Source">
      <UniqueIdentifier>{5d518b2a-1e18-45fd-b5d2-885b12659bc2}</UniqueIdentifier>
    </Filter>
    <Filter Include="Source\Private">
      <UniqueIdentifier>{4FC737F1-C7A5-4376-A066-2A32D752A2FF}</UniqueIdentifier>
      <Extensions>cpp;c;cc;cxx;c++;cppm;ixx;def;odl;idl;hpj;bat;asm;asmx</Extensions>
    </Filter>
    <Filter Include="Source\Public">
      <UniqueIdentifier>{93995380-89BD-4b04-88EB-625FBE52EBFB}</UniqueIdentifier>
      <Extensions>h;hh;hpp;hxx;h++;hm;inl;inc;ipp;xsd</Extensions>
    </Filter>
    <Filter Include="Source\pch">
      <UniqueIdentifier>{8cd424ab-219b-4c77-b755-cd3c9bb6aa9d}</UniqueIdentifier>
    </Filter>
    <Filter Include="Source\Private\Platform">
      <UniqueIdentifier>{ca1145b3-f8c8-4b77-a1e7-eafbad007826}</UniqueIdentifier>
    </Filter>
    <Filter Include="Source\Private\Platform\WIN32">
      <UniqueIdentifier>{d08a0980-0557-4684-b0b7-353ec9a3e350}</UniqueIdentifier>
    </Filter>
    <Filter Include="Source\Private\WIN32">
      <UniqueIdentifier>{f694cbc7-1d1f-4fa2-994f-288db8860c8c}</UniqueIdentifier>
    </Filter>
    <Filter Include="Source\Public\Platform">
      <UniqueIdentifier>{455cdee2-f13a-4ec7-8124-80c7a05c11ea}</UniqueIdentifier>
    </Filter>
    <Filter Include="Source\Public\Platform\WIN32">
      <UniqueIdentifier>{ba287a02-261c-47d5-8d5c-c921741f150a}</UniqueIdentifier>
    </Filter>
    <Filter Include="Source\Private\Common">
      <UniqueIdentifier>{4971ee01-4101-4720-9b99-fc12d803dc89}</UniqueIdentifier>
    </Filter>
    <Filter Include="Source\Public\Common">
      <UniqueIdentifier>{6f1fac28-34cf-464b-a55a-8e8ab707a07a}</UniqueIdentifier>
    </Filter>
  </ItemGroup>
  <ItemGroup>
    <ClCompile Include="Source\Engine.cpp">
      <Filter>Source\pch</Filter>
    </ClCompile>
    <ClCompile Include="Source\Platform\WIN32\IApplication.cpp">
      <Filter>Source\Private\Platform\WIN32</Filter>
    </ClCompile>
    <ClCompile Include="Source\Common\Singleton.cpp">
      <Filter>Source\Private\Common</Filter>
    </ClCompile>
  </ItemGroup>
  <ItemGroup>
    <ClInclude Include="Source\Engine.h">
      <Filter>Source\pch</Filter>
    </ClInclude>
    <ClInclude Include="Source\Platform\WIN32\IApplication.h">
      <Filter>Source\Public\Platform\WIN32</Filter>
    </ClInclude>
    <ClInclude Include="Source\Platform\WIN32\WinEntry.h">
      <Filter>Source\Public\Platform\WIN32</Filter>
    </ClInclude>
    <ClInclude Include="Source\Common\Logger.h">
      <Filter>Source\Public\Common</Filter>
    </ClInclude>
    <ClInclude Include="Source\Common\Logger.cpp">
      <Filter>Source\Private\Common</Filter>
    </ClInclude>
    <ClInclude Include="Source\Common\Singleton.h">
      <Filter>Source\Public\Common</Filter>
    </ClInclude>
  </ItemGroup>
</Project>